
Microsoft Visual Studio Solution File, Format Version 12.00
# Visual Studio 15
Project("{FAE04EC0-301F-11D3-BF4B-00C04F79EFBC}") = "Assembly-CSharp", "Assembly-CSharp.csproj", "{1EDC9AA9-E4C9-DB2E-3DA0-606BB3F82EF6}"
EndProject
Project("{FAE04EC0-301F-11D3-BF4B-00C04F79EFBC}") = "Unity.2D.Tilemap.Extras.Editor", "Unity.2D.Tilemap.Extras.Editor.csproj", "{DCD36862-683F-7739-2C3B-EF79A608B070}"
EndProject
Project("{FAE04EC0-301F-11D3-BF4B-00C04F79EFBC}") = "Unity.2D.Tilemap.Extras", "Unity.2D.Tilemap.Extras.csproj", "{5D548EC1-228E-9533-FA7F-AD445FD2D82E}"
EndProject
Project("{FAE04EC0-301F-11D3-BF4B-00C04F79EFBC}") = "Unity.2D.Tilemap.Extras.Placeholder.EditorTests", "Unity.2D.Tilemap.Extras.Placeholder.EditorTests.csproj", "{28198237-E9A3-A199-4F27-83C662CD8DD3}"
EndProject
Project("{FAE04EC0-301F-11D3-BF4B-00C04F79EFBC}") = "Assembly-CSharp-Editor", "Assembly-CSharp-Editor.csproj", "{B6D977AA-9EEF-D43F-1D1A-E007224AAE1C}"
EndProject
Global
	GlobalSection(SolutionConfigurationPlatforms) = preSolution
		Debug|Any CPU = Debug|Any CPU
		Release|Any CPU = Release|Any CPU
	EndGlobalSection
	GlobalSection(ProjectConfigurationPlatforms) = postSolution
		{1EDC9AA9-E4C9-DB2E-3DA0-606BB3F82EF6}.Debug|Any CPU.ActiveCfg = Debug|Any CPU
		{1EDC9AA9-E4C9-DB2E-3DA0-606BB3F82EF6}.Debug|Any CPU.Build.0 = Debug|Any CPU
		{1EDC9AA9-E4C9-DB2E-3DA0-606BB3F82EF6}.Release|Any CPU.ActiveCfg = Release|Any CPU
		{1EDC9AA9-E4C9-DB2E-3DA0-606BB3F82EF6}.Release|Any CPU.Build.0 = Release|Any CPU
		{DCD36862-683F-7739-2C3B-EF79A608B070}.Debug|Any CPU.ActiveCfg = Debug|Any CPU
		{DCD36862-683F-7739-2C3B-EF79A608B070}.Debug|Any CPU.Build.0 = Debug|Any CPU
		{DCD36862-683F-7739-2C3B-EF79A608B070}.Release|Any CPU.ActiveCfg = Release|Any CPU
		{DCD36862-683F-7739-2C3B-EF79A608B070}.Release|Any CPU.Build.0 = Release|Any CPU
		{5D548EC1-228E-9533-FA7F-AD445FD2D82E}.Debug|Any CPU.ActiveCfg = Debug|Any CPU
		{5D548EC1-228E-9533-FA7F-AD445FD2D82E}.Debug|Any CPU.Build.0 = Debug|Any CPU
		{5D548EC1-228E-9533-FA7F-AD445FD2D82E}.Release|Any CPU.ActiveCfg = Release|Any CPU
		{5D548EC1-228E-9533-FA7F-AD445FD2D82E}.Release|Any CPU.Build.0 = Release|Any CPU
		{28198237-E9A3-A199-4F27-83C662CD8DD3}.Debug|Any CPU.ActiveCfg = Debug|Any CPU
		{28198237-E9A3-A199-4F27-83C662CD8DD3}.Debug|Any CPU.Build.0 = Debug|Any CPU
		{28198237-E9A3-A199-4F27-83C662CD8DD3}.Release|Any CPU.ActiveCfg = Release|Any CPU
		{28198237-E9A3-A199-4F27-83C662CD8DD3}.Release|Any CPU.Build.0 = Release|Any CPU
		{B6D977AA-9EEF-D43F-1D1A-E007224AAE1C}.Debug|Any CPU.ActiveCfg = Debug|Any CPU
		{B6D977AA-9EEF-D43F-1D1A-E007224AAE1C}.Debug|Any CPU.Build.0 = Debug|Any CPU
		{B6D977AA-9EEF-D43F-1D1A-E007224AAE1C}.Release|Any CPU.ActiveCfg = Release|Any CPU
		{B6D977AA-9EEF-D43F-1D1A-E007224AAE1C}.Release|Any CPU.Build.0 = Release|Any CPU
	EndGlobalSection
	GlobalSection(SolutionProperties) = preSolution
		HideSolutionNode = FALSE
	EndGlobalSection
EndGlobal
